// !$*UTF8*$!
{
	archiveVersion = 1;
	classes = {
	};
	objectVersion = 51;
	objects = {

/* Begin PBXBuildFile section */
		AE152C80248F513500DC4E6D /* VideoData.swift in Sources */ = {isa = PBXBuildFile; fileRef = AE152C7F248F513500DC4E6D /* VideoData.swift */; };
		AE152C82248F553200DC4E6D /* SearchVideoViewModel.swift in Sources */ = {isa = PBXBuildFile; fileRef = AE152C81248F553200DC4E6D /* SearchVideoViewModel.swift */; };
		AE152C84248F569C00DC4E6D /* CollectionViewDataSourceVideo.swift in Sources */ = {isa = PBXBuildFile; fileRef = AE152C83248F569C00DC4E6D /* CollectionViewDataSourceVideo.swift */; };
		AE152C88248F571700DC4E6D /* VideoCollectionViewCell.swift in Sources */ = {isa = PBXBuildFile; fileRef = AE152C87248F571700DC4E6D /* VideoCollectionViewCell.swift */; };
		AE152C8A248F9E1F00DC4E6D /* WebController.swift in Sources */ = {isa = PBXBuildFile; fileRef = AE152C89248F9E1F00DC4E6D /* WebController.swift */; };
		AE69AF30248E782600225FAB /* AppDelegate.swift in Sources */ = {isa = PBXBuildFile; fileRef = AE69AF2F248E782600225FAB /* AppDelegate.swift */; };
		AE69AF32248E782600225FAB /* SceneDelegate.swift in Sources */ = {isa = PBXBuildFile; fileRef = AE69AF31248E782600225FAB /* SceneDelegate.swift */; };
		AE69AF37248E782600225FAB /* Main.storyboard in Resources */ = {isa = PBXBuildFile; fileRef = AE69AF35248E782600225FAB /* Main.storyboard */; };
		AE69AF39248E782700225FAB /* Assets.xcassets in Resources */ = {isa = PBXBuildFile; fileRef = AE69AF38248E782700225FAB /* Assets.xcassets */; };
		AE69AF3C248E782700225FAB /* LaunchScreen.storyboard in Resources */ = {isa = PBXBuildFile; fileRef = AE69AF3A248E782700225FAB /* LaunchScreen.storyboard */; };
		AE69AF4A248E78EB00225FAB /* SearchPhotoController.swift in Sources */ = {isa = PBXBuildFile; fileRef = AE69AF49248E78EB00225FAB /* SearchPhotoController.swift */; };
		AE69AF4D248E7B0600225FAB /* CollectionViewDataSource.swift in Sources */ = {isa = PBXBuildFile; fileRef = AE69AF4C248E7B0600225FAB /* CollectionViewDataSource.swift */; };
		AE69AF4F248E7CEF00225FAB /* PhotoData.swift in Sources */ = {isa = PBXBuildFile; fileRef = AE69AF4E248E7CEF00225FAB /* PhotoData.swift */; };
		AE69AF51248E7DD800225FAB /* NetworkManager.swift in Sources */ = {isa = PBXBuildFile; fileRef = AE69AF50248E7DD800225FAB /* NetworkManager.swift */; };
		AE69AF53248E7E1D00225FAB /* WebService.swift in Sources */ = {isa = PBXBuildFile; fileRef = AE69AF52248E7E1D00225FAB /* WebService.swift */; };
		AE69AF55248E863C00225FAB /* SearchPhotoViewModel.swift in Sources */ = {isa = PBXBuildFile; fileRef = AE69AF54248E863C00225FAB /* SearchPhotoViewModel.swift */; };
		AE69AF57248E869500225FAB /* PhotoCollectionViewCell.swift in Sources */ = {isa = PBXBuildFile; fileRef = AE69AF56248E869500225FAB /* PhotoCollectionViewCell.swift */; };
		AE69AF5A248E9B0C00225FAB /* MainController.swift in Sources */ = {isa = PBXBuildFile; fileRef = AE69AF59248E9B0C00225FAB /* MainController.swift */; };
		AE69AF5D248E9E2C00225FAB /* SearchVideoController.swift in Sources */ = {isa = PBXBuildFile; fileRef = AE69AF5C248E9E2C00225FAB /* SearchVideoController.swift */; };
		D51C6D1DDF5918BC861ECA06 /* Pods_PixabayApp.framework in Frameworks */ = {isa = PBXBuildFile; fileRef = 4297127BEF75CE01A6EBA5D9 /* Pods_PixabayApp.framework */; };
/* End PBXBuildFile section */

/* Begin PBXFileReference section */
		347AA11F8547FFD0B14B81FF /* Pods-PixabayApp.debug.xcconfig */ = {isa = PBXFileReference; includeInIndex = 1; lastKnownFileType = text.xcconfig; name = "Pods-PixabayApp.debug.xcconfig"; path = "Target Support Files/Pods-PixabayApp/Pods-PixabayApp.debug.xcconfig"; sourceTree = "<group>"; };
		4297127BEF75CE01A6EBA5D9 /* Pods_PixabayApp.framework */ = {isa = PBXFileReference; explicitFileType = wrapper.framework; includeInIndex = 0; path = Pods_PixabayApp.framework; sourceTree = BUILT_PRODUCTS_DIR; };
		AE152C7F248F513500DC4E6D /* VideoData.swift */ = {isa = PBXFileReference; lastKnownFileType = sourcecode.swift; path = VideoData.swift; sourceTree = "<group>"; };
		AE152C81248F553200DC4E6D /* SearchVideoViewModel.swift */ = {isa = PBXFileReference; lastKnownFileType = sourcecode.swift; path = SearchVideoViewModel.swift; sourceTree = "<group>"; };
		AE152C83248F569C00DC4E6D /* CollectionViewDataSourceVideo.swift */ = {isa = PBXFileReference; lastKnownFileType = sourcecode.swift; path = CollectionViewDataSourceVideo.swift; sourceTree = "<group>"; };
		AE152C87248F571700DC4E6D /* VideoCollectionViewCell.swift */ = {isa = PBXFileReference; lastKnownFileType = sourcecode.swift; path = VideoCollectionViewCell.swift; sourceTree = "<group>"; };
		AE152C89248F9E1F00DC4E6D /* WebController.swift */ = {isa = PBXFileReference; lastKnownFileType = sourcecode.swift; path = WebController.swift; sourceTree = "<group>"; };
		AE69AF2C248E782600225FAB /* PixabayApp.app */ = {isa = PBXFileReference; explicitFileType = wrapper.application; includeInIndex = 0; path = PixabayApp.app; sourceTree = BUILT_PRODUCTS_DIR; };
		AE69AF2F248E782600225FAB /* AppDelegate.swift */ = {isa = PBXFileReference; lastKnownFileType = sourcecode.swift; path = AppDelegate.swift; sourceTree = "<group>"; };
		AE69AF31248E782600225FAB /* SceneDelegate.swift */ = {isa = PBXFileReference; lastKnownFileType = sourcecode.swift; path = SceneDelegate.swift; sourceTree = "<group>"; };
		AE69AF36248E782600225FAB /* Base */ = {isa = PBXFileReference; lastKnownFileType = file.storyboard; name = Base; path = Base.lproj/Main.storyboard; sourceTree = "<group>"; };
		AE69AF38248E782700225FAB /* Assets.xcassets */ = {isa = PBXFileReference; lastKnownFileType = folder.assetcatalog; path = Assets.xcassets; sourceTree = "<group>"; };
		AE69AF3B248E782700225FAB /* Base */ = {isa = PBXFileReference; lastKnownFileType = file.storyboard; name = Base; path = Base.lproj/LaunchScreen.storyboard; sourceTree = "<group>"; };
		AE69AF3D248E782700225FAB /* Info.plist */ = {isa = PBXFileReference; lastKnownFileType = text.plist.xml; path = Info.plist; sourceTree = "<group>"; };
		AE69AF49248E78EB00225FAB /* SearchPhotoController.swift */ = {isa = PBXFileReference; lastKnownFileType = sourcecode.swift; path = SearchPhotoController.swift; sourceTree = "<group>"; };
		AE69AF4C248E7B0600225FAB /* CollectionViewDataSource.swift */ = {isa = PBXFileReference; lastKnownFileType = sourcecode.swift; path = CollectionViewDataSource.swift; sourceTree = "<group>"; };
		AE69AF4E248E7CEF00225FAB /* PhotoData.swift */ = {isa = PBXFileReference; lastKnownFileType = sourcecode.swift; path = PhotoData.swift; sourceTree = "<group>"; };
		AE69AF50248E7DD800225FAB /* NetworkManager.swift */ = {isa = PBXFileReference; lastKnownFileType = sourcecode.swift; path = NetworkManager.swift; sourceTree = "<group>"; };
		AE69AF52248E7E1D00225FAB /* WebService.swift */ = {isa = PBXFileReference; lastKnownFileType = sourcecode.swift; path = WebService.swift; sourceTree = "<group>"; };
		AE69AF54248E863C00225FAB /* SearchPhotoViewModel.swift */ = {isa = PBXFileReference; lastKnownFileType = sourcecode.swift; path = SearchPhotoViewModel.swift; sourceTree = "<group>"; };
		AE69AF56248E869500225FAB /* PhotoCollectionViewCell.swift */ = {isa = PBXFileReference; lastKnownFileType = sourcecode.swift; path = PhotoCollectionViewCell.swift; sourceTree = "<group>"; };
		AE69AF59248E9B0C00225FAB /* MainController.swift */ = {isa = PBXFileReference; lastKnownFileType = sourcecode.swift; path = MainController.swift; sourceTree = "<group>"; };
		AE69AF5C248E9E2C00225FAB /* SearchVideoController.swift */ = {isa = PBXFileReference; lastKnownFileType = sourcecode.swift; path = SearchVideoController.swift; sourceTree = "<group>"; };
		D2617F37B5E503F8A78B43B9 /* Pods-PixabayApp.release.xcconfig */ = {isa = PBXFileReference; includeInIndex = 1; lastKnownFileType = text.xcconfig; name = "Pods-PixabayApp.release.xcconfig"; path = "Target Support Files/Pods-PixabayApp/Pods-PixabayApp.release.xcconfig"; sourceTree = "<group>"; };
/* End PBXFileReference section */

/* Begin PBXFrameworksBuildPhase section */
		AE69AF29248E782600225FAB /* Frameworks */ = {
			isa = PBXFrameworksBuildPhase;
			buildActionMask = 2147483647;
			files = (
				D51C6D1DDF5918BC861ECA06 /* Pods_PixabayApp.framework in Frameworks */,
			);
			runOnlyForDeploymentPostprocessing = 0;
		};
/* End PBXFrameworksBuildPhase section */

/* Begin PBXGroup section */
		855D1A93C25E159AE89C8D0A /* Pods */ = {
			isa = PBXGroup;
			children = (
				347AA11F8547FFD0B14B81FF /* Pods-PixabayApp.debug.xcconfig */,
				D2617F37B5E503F8A78B43B9 /* Pods-PixabayApp.release.xcconfig */,
			);
			path = Pods;
			sourceTree = "<group>";
		};
		AE69AF23248E782600225FAB = {
			isa = PBXGroup;
			children = (
				AE69AF2E248E782600225FAB /* PixabayApp */,
				AE69AF2D248E782600225FAB /* Products */,
				855D1A93C25E159AE89C8D0A /* Pods */,
				C0800873F052E4C61159B07D /* Frameworks */,
			);
			sourceTree = "<group>";
		};
		AE69AF2D248E782600225FAB /* Products */ = {
			isa = PBXGroup;
			children = (
				AE69AF2C248E782600225FAB /* PixabayApp.app */,
			);
			name = Products;
			sourceTree = "<group>";
		};
		AE69AF2E248E782600225FAB /* PixabayApp */ = {
			isa = PBXGroup;
			children = (
				AE69AF4B248E7AE200225FAB /* Extensions */,
				AE69AF48248E78B500225FAB /* Service */,
				AE69AF46248E78A600225FAB /* Model */,
				AE69AF45248E789C00225FAB /* View */,
				AE69AF44248E789400225FAB /* ViewModel */,
				AE69AF43248E782E00225FAB /* Supporting files */,
				AE69AF3D248E782700225FAB /* Info.plist */,
			);
			path = PixabayApp;
			sourceTree = "<group>";
		};
		AE69AF43248E782E00225FAB /* Supporting files */ = {
			isa = PBXGroup;
			children = (
				AE69AF2F248E782600225FAB /* AppDelegate.swift */,
				AE69AF31248E782600225FAB /* SceneDelegate.swift */,
				AE69AF35248E782600225FAB /* Main.storyboard */,
				AE69AF3A248E782700225FAB /* LaunchScreen.storyboard */,
				AE69AF38248E782700225FAB /* Assets.xcassets */,
			);
			path = "Supporting files";
			sourceTree = "<group>";
		};
		AE69AF44248E789400225FAB /* ViewModel */ = {
			isa = PBXGroup;
			children = (
				AE69AF54248E863C00225FAB /* SearchPhotoViewModel.swift */,
				AE152C81248F553200DC4E6D /* SearchVideoViewModel.swift */,
			);
			path = ViewModel;
			sourceTree = "<group>";
		};
		AE69AF45248E789C00225FAB /* View */ = {
			isa = PBXGroup;
			children = (
				AE69AF59248E9B0C00225FAB /* MainController.swift */,
				AE152C89248F9E1F00DC4E6D /* WebController.swift */,
				AE69AF5B248E9E0D00225FAB /* VideoPage */,
				AE69AF58248E9A3000225FAB /* PhotoPage */,
			);
			path = View;
			sourceTree = "<group>";
		};
		AE69AF46248E78A600225FAB /* Model */ = {
			isa = PBXGroup;
			children = (
				AE69AF4E248E7CEF00225FAB /* PhotoData.swift */,
				AE152C7F248F513500DC4E6D /* VideoData.swift */,
			);
			path = Model;
			sourceTree = "<group>";
		};
		AE69AF48248E78B500225FAB /* Service */ = {
			isa = PBXGroup;
			children = (
				AE69AF50248E7DD800225FAB /* NetworkManager.swift */,
				AE69AF52248E7E1D00225FAB /* WebService.swift */,
			);
			path = Service;
			sourceTree = "<group>";
		};
		AE69AF4B248E7AE200225FAB /* Extensions */ = {
			isa = PBXGroup;
			children = (
				AE69AF4C248E7B0600225FAB /* CollectionViewDataSource.swift */,
				AE152C83248F569C00DC4E6D /* CollectionViewDataSourceVideo.swift */,
			);
			path = Extensions;
			sourceTree = "<group>";
		};
		AE69AF58248E9A3000225FAB /* PhotoPage */ = {
			isa = PBXGroup;
			children = (
				AE69AF49248E78EB00225FAB /* SearchPhotoController.swift */,
				AE69AF56248E869500225FAB /* PhotoCollectionViewCell.swift */,
			);
			path = PhotoPage;
			sourceTree = "<group>";
		};
		AE69AF5B248E9E0D00225FAB /* VideoPage */ = {
			isa = PBXGroup;
			children = (
				AE69AF5C248E9E2C00225FAB /* SearchVideoController.swift */,
				AE152C87248F571700DC4E6D /* VideoCollectionViewCell.swift */,
			);
			path = VideoPage;
			sourceTree = "<group>";
		};
		C0800873F052E4C61159B07D /* Frameworks */ = {
			isa = PBXGroup;
			children = (
				4297127BEF75CE01A6EBA5D9 /* Pods_PixabayApp.framework */,
			);
			name = Frameworks;
			sourceTree = "<group>";
		};
/* End PBXGroup section */

/* Begin PBXNativeTarget section */
		AE69AF2B248E782600225FAB /* PixabayApp */ = {
			isa = PBXNativeTarget;
			buildConfigurationList = AE69AF40248E782700225FAB /* Build configuration list for PBXNativeTarget "PixabayApp" */;
			buildPhases = (
				74E805649091C4C6B4DE3ED6 /* [CP] Check Pods Manifest.lock */,
				AE69AF28248E782600225FAB /* Sources */,
				AE69AF29248E782600225FAB /* Frameworks */,
				AE69AF2A248E782600225FAB /* Resources */,
				C06E9CA2CACD65962BA2B1AF /* [CP] Embed Pods Frameworks */,
			);
			buildRules = (
			);
			dependencies = (
			);
			name = PixabayApp;
			productName = PixabayApp;
			productReference = AE69AF2C248E782600225FAB /* PixabayApp.app */;
			productType = "com.apple.product-type.application";
		};
/* End PBXNativeTarget section */

/* Begin PBXProject section */
		AE69AF24248E782600225FAB /* Project object */ = {
			isa = PBXProject;
			attributes = {
				LastSwiftUpdateCheck = 1130;
				LastUpgradeCheck = 1130;
				ORGANIZATIONNAME = rau4o;
				TargetAttributes = {
					AE69AF2B248E782600225FAB = {
						CreatedOnToolsVersion = 11.3.1;
					};
				};
			};
			buildConfigurationList = AE69AF27248E782600225FAB /* Build configuration list for PBXProject "PixabayApp" */;
			compatibilityVersion = "Xcode 9.3";
			developmentRegion = en;
			hasScannedForEncodings = 0;
			knownRegions = (
				en,
				Base,
			);
			mainGroup = AE69AF23248E782600225FAB;
			productRefGroup = AE69AF2D248E782600225FAB /* Products */;
			projectDirPath = "";
			projectRoot = "";
			targets = (
				AE69AF2B248E782600225FAB /* PixabayApp */,
			);
		};
/* End PBXProject section */

/* Begin PBXResourcesBuildPhase section */
		AE69AF2A248E782600225FAB /* Resources */ = {
			isa = PBXResourcesBuildPhase;
			buildActionMask = 2147483647;
			files = (
				AE69AF3C248E782700225FAB /* LaunchScreen.storyboard in Resources */,
				AE69AF39248E782700225FAB /* Assets.xcassets in Resources */,
				AE69AF37248E782600225FAB /* Main.storyboard in Resources */,
			);
			runOnlyForDeploymentPostprocessing = 0;
		};
/* End PBXResourcesBuildPhase section */

/* Begin PBXShellScriptBuildPhase section */
		74E805649091C4C6B4DE3ED6 /* [CP] Check Pods Manifest.lock */ = {
			isa = PBXShellScriptBuildPhase;
			buildActionMask = 2147483647;
			files = (
			);
			inputFileListPaths = (
			);
			inputPaths = (
				"${PODS_PODFILE_DIR_PATH}/Podfile.lock",
				"${PODS_ROOT}/Manifest.lock",
			);
			name = "[CP] Check Pods Manifest.lock";
			outputFileListPaths = (
			);
			outputPaths = (
				"$(DERIVED_FILE_DIR)/Pods-PixabayApp-checkManifestLockResult.txt",
			);
			runOnlyForDeploymentPostprocessing = 0;
			shellPath = /bin/sh;
			shellScript = "diff \"${PODS_PODFILE_DIR_PATH}/Podfile.lock\" \"${PODS_ROOT}/Manifest.lock\" > /dev/null\nif [ $? != 0 ] ; then\n    # print error to STDERR\n    echo \"error: The sandbox is not in sync with the Podfile.lock. Run 'pod install' or update your CocoaPods installation.\" >&2\n    exit 1\nfi\n# This output is used by Xcode 'outputs' to avoid re-running this script phase.\necho \"SUCCESS\" > \"${SCRIPT_OUTPUT_FILE_0}\"\n";
			showEnvVarsInLog = 0;
		};
		C06E9CA2CACD65962BA2B1AF /* [CP] Embed Pods Frameworks */ = {
			isa = PBXShellScriptBuildPhase;
			buildActionMask = 2147483647;
			files = (
			);
			inputFileListPaths = (
				"${PODS_ROOT}/Target Support Files/Pods-PixabayApp/Pods-PixabayApp-frameworks-${CONFIGURATION}-input-files.xcfilelist",
			);
			name = "[CP] Embed Pods Frameworks";
			outputFileListPaths = (
				"${PODS_ROOT}/Target Support Files/Pods-PixabayApp/Pods-PixabayApp-frameworks-${CONFIGURATION}-output-files.xcfilelist",
			);
			runOnlyForDeploymentPostprocessing = 0;
			shellPath = /bin/sh;
			shellScript = "\"${PODS_ROOT}/Target Support Files/Pods-PixabayApp/Pods-PixabayApp-frameworks.sh\"\n";
			showEnvVarsInLog = 0;
		};
/* End PBXShellScriptBuildPhase section */

/* Begin PBXSourcesBuildPhase section */
		AE69AF28248E782600225FAB /* Sources */ = {
			isa = PBXSourcesBuildPhase;
			buildActionMask = 2147483647;
			files = (
				AE152C8A248F9E1F00DC4E6D /* WebController.swift in Sources */,
				AE69AF51248E7DD800225FAB /* NetworkManager.swift in Sources */,
				AE69AF5D248E9E2C00225FAB /* SearchVideoController.swift in Sources */,
				AE69AF55248E863C00225FAB /* SearchPhotoViewModel.swift in Sources */,
				AE152C88248F571700DC4E6D /* VideoCollectionViewCell.swift in Sources */,
				AE69AF30248E782600225FAB /* AppDelegate.swift in Sources */,
				AE69AF53248E7E1D00225FAB /* WebService.swift in Sources */,
				AE152C84248F569C00DC4E6D /* CollectionViewDataSourceVideo.swift in Sources */,
				AE69AF5A248E9B0C00225FAB /* MainController.swift in Sources */,
				AE152C82248F553200DC4E6D /* SearchVideoViewModel.swift in Sources */,
				AE69AF4F248E7CEF00225FAB /* PhotoData.swift in Sources */,
				AE69AF57248E869500225FAB /* PhotoCollectionViewCell.swift in Sources */,
				AE69AF4A248E78EB00225FAB /* SearchPhotoController.swift in Sources */,
				AE69AF32248E782600225FAB /* SceneDelegate.swift in Sources */,
				AE69AF4D248E7B0600225FAB /* CollectionViewDataSource.swift in Sources */,
				AE152C80248F513500DC4E6D /* VideoData.swift in Sources */,
			);
			runOnlyForDeploymentPostprocessing = 0;
		};
/* End PBXSourcesBuildPhase section */

/* Begin PBXVariantGroup section */
		AE69AF35248E782600225FAB /* Main.storyboard */ = {
			isa = PBXVariantGroup;
			children = (
				AE69AF36248E782600225FAB /* Base */,
			);
			name = Main.storyboard;
			sourceTree = "<group>";
		};
		AE69AF3A248E782700225FAB /* LaunchScreen.storyboard */ = {
			isa = PBXVariantGroup;
			children = (
				AE69AF3B248E782700225FAB /* Base */,
			);
			name = LaunchScreen.storyboard;
			sourceTree = "<group>";
		};
/* End PBXVariantGroup section */

/* Begin XCBuildConfiguration section */
		AE69AF3E248E782700225FAB /* Debug */ = {
			isa = XCBuildConfiguration;
			buildSettings = {
				ALWAYS_SEARCH_USER_PATHS = NO;
				CLANG_ANALYZER_NONNULL = YES;
				CLANG_ANALYZER_NUMBER_OBJECT_CONVERSION = YES_AGGRESSIVE;
				CLANG_CXX_LANGUAGE_STANDARD = "gnu++14";
				CLANG_CXX_LIBRARY = "libc++";
				CLANG_ENABLE_MODULES = YES;
				CLANG_ENABLE_OBJC_ARC = YES;
				CLANG_ENABLE_OBJC_WEAK = YES;
				CLANG_WARN_BLOCK_CAPTURE_AUTORELEASING = YES;
				CLANG_WARN_BOOL_CONVERSION = YES;
				CLANG_WARN_COMMA = YES;
				CLANG_WARN_CONSTANT_CONVERSION = YES;
				CLANG_WARN_DEPRECATED_OBJC_IMPLEMENTATIONS = YES;
				CLANG_WARN_DIRECT_OBJC_ISA_USAGE = YES_ERROR;
				CLANG_WARN_DOCUMENTATION_COMMENTS = YES;
				CLANG_WARN_EMPTY_BODY = YES;
				CLANG_WARN_ENUM_CONVERSION = YES;
				CLANG_WARN_INFINITE_RECURSION = YES;
				CLANG_WARN_INT_CONVERSION = YES;
				CLANG_WARN_NON_LITERAL_NULL_CONVERSION = YES;
				CLANG_WARN_OBJC_IMPLICIT_RETAIN_SELF = YES;
				CLANG_WARN_OBJC_LITERAL_CONVERSION = YES;
				CLANG_WARN_OBJC_ROOT_CLASS = YES_ERROR;
				CLANG_WARN_RANGE_LOOP_ANALYSIS = YES;
				CLANG_WARN_STRICT_PROTOTYPES = YES;
				CLANG_WARN_SUSPICIOUS_MOVE = YES;
				CLANG_WARN_UNGUARDED_AVAILABILITY = YES_AGGRESSIVE;
				CLANG_WARN_UNREACHABLE_CODE = YES;
				CLANG_WARN__DUPLICATE_METHOD_MATCH = YES;
				COPY_PHASE_STRIP = NO;
				DEBUG_INFORMATION_FORMAT = dwarf;
				ENABLE_STRICT_OBJC_MSGSEND = YES;
				ENABLE_TESTABILITY = YES;
				GCC_C_LANGUAGE_STANDARD = gnu11;
				GCC_DYNAMIC_NO_PIC = NO;
				GCC_NO_COMMON_BLOCKS = YES;
				GCC_OPTIMIZATION_LEVEL = 0;
				GCC_PREPROCESSOR_DEFINITIONS = (
					"DEBUG=1",
					"$(inherited)",
				);
				GCC_WARN_64_TO_32_BIT_CONVERSION = YES;
				GCC_WARN_ABOUT_RETURN_TYPE = YES_ERROR;
				GCC_WARN_UNDECLARED_SELECTOR = YES;
				GCC_WARN_UNINITIALIZED_AUTOS = YES_AGGRESSIVE;
				GCC_WARN_UNUSED_FUNCTION = YES;
				GCC_WARN_UNUSED_VARIABLE = YES;
				IPHONEOS_DEPLOYMENT_TARGET = 13.2;
				MTL_ENABLE_DEBUG_INFO = INCLUDE_SOURCE;
				MTL_FAST_MATH = YES;
				ONLY_ACTIVE_ARCH = YES;
				SDKROOT = iphoneos;
				SWIFT_ACTIVE_COMPILATION_CONDITIONS = DEBUG;
				SWIFT_OPTIMIZATION_LEVEL = "-Onone";
			};
			name = Debug;
		};
		AE69AF3F248E782700225FAB /* Release */ = {
			isa = XCBuildConfiguration;
			buildSettings = {
				ALWAYS_SEARCH_USER_PATHS = NO;
				CLANG_ANALYZER_NONNULL = YES;
				CLANG_ANALYZER_NUMBER_OBJECT_CONVERSION = YES_AGGRESSIVE;
				CLANG_CXX_LANGUAGE_STANDARD = "gnu++14";
				CLANG_CXX_LIBRARY = "libc++";
				CLANG_ENABLE_MODULES = YES;
				CLANG_ENABLE_OBJC_ARC = YES;
				CLANG_ENABLE_OBJC_WEAK = YES;
				CLANG_WARN_BLOCK_CAPTURE_AUTORELEASING = YES;
				CLANG_WARN_BOOL_CONVERSION = YES;
				CLANG_WARN_COMMA = YES;
				CLANG_WARN_CONSTANT_CONVERSION = YES;
				CLANG_WARN_DEPRECATED_OBJC_IMPLEMENTATIONS = YES;
				CLANG_WARN_DIRECT_OBJC_ISA_USAGE = YES_ERROR;
				CLANG_WARN_DOCUMENTATION_COMMENTS = YES;
				CLANG_WARN_EMPTY_BODY = YES;
				CLANG_WARN_ENUM_CONVERSION = YES;
				CLANG_WARN_INFINITE_RECURSION = YES;
				CLANG_WARN_INT_CONVERSION = YES;
				CLANG_WARN_NON_LITERAL_NULL_CONVERSION = YES;
				CLANG_WARN_OBJC_IMPLICIT_RETAIN_SELF = YES;
				CLANG_WARN_OBJC_LITERAL_CONVERSION = YES;
				CLANG_WARN_OBJC_ROOT_CLASS = YES_ERROR;
				CLANG_WARN_RANGE_LOOP_ANALYSIS = YES;
				CLANG_WARN_STRICT_PROTOTYPES = YES;
				CLANG_WARN_SUSPICIOUS_MOVE = YES;
				CLANG_WARN_UNGUARDED_AVAILABILITY = YES_AGGRESSIVE;
				CLANG_WARN_UNREACHABLE_CODE = YES;
				CLANG_WARN__DUPLICATE_METHOD_MATCH = YES;
				COPY_PHASE_STRIP = NO;
				DEBUG_INFORMATION_FORMAT = "dwarf-with-dsym";
				ENABLE_NS_ASSERTIONS = NO;
				ENABLE_STRICT_OBJC_MSGSEND = YES;
				GCC_C_LANGUAGE_STANDARD = gnu11;
				GCC_NO_COMMON_BLOCKS = YES;
				GCC_WARN_64_TO_32_BIT_CONVERSION = YES;
				GCC_WARN_ABOUT_RETURN_TYPE = YES_ERROR;
				GCC_WARN_UNDECLARED_SELECTOR = YES;
				GCC_WARN_UNINITIALIZED_AUTOS = YES_AGGRESSIVE;
				GCC_WARN_UNUSED_FUNCTION = YES;
				GCC_WARN_UNUSED_VARIABLE = YES;
				IPHONEOS_DEPLOYMENT_TARGET = 13.2;
				MTL_ENABLE_DEBUG_INFO = NO;
				MTL_FAST_MATH = YES;
				SDKROOT = iphoneos;
				SWIFT_COMPILATION_MODE = wholemodule;
				SWIFT_OPTIMIZATION_LEVEL = "-O";
				VALIDATE_PRODUCT = YES;
			};
			name = Release;
		};
		AE69AF41248E782700225FAB /* Debug */ = {
			isa = XCBuildConfiguration;
			baseConfigurationReference = 347AA11F8547FFD0B14B81FF /* Pods-PixabayApp.debug.xcconfig */;
			buildSettings = {
				ASSETCATALOG_COMPILER_APPICON_NAME = AppIcon;
				CODE_SIGN_STYLE = Automatic;
				DEVELOPMENT_TEAM = FATE3AU2ZJ;
				INFOPLIST_FILE = PixabayApp/Info.plist;
				LD_RUNPATH_SEARCH_PATHS = (
					"$(inherited)",
					"@executable_path/Frameworks",
				);
				PRODUCT_BUNDLE_IDENTIFIER = APS.PixabayApp;
				PRODUCT_NAME = "$(TARGET_NAME)";
				SWIFT_VERSION = 5.0;
				TARGETED_DEVICE_FAMILY = "1,2";
			};
			name = Debug;
		};
		AE69AF42248E782700225FAB /* Release */ = {
			isa = XCBuildConfiguration;
			baseConfigurationReference = D2617F37B5E503F8A78B43B9 /* Pods-PixabayApp.release.xcconfig */;
			buildSettings = {
				ASSETCATALOG_COMPILER_APPICON_NAME = AppIcon;
				CODE_SIGN_STYLE = Automatic;
				DEVELOPMENT_TEAM = FATE3AU2ZJ;
				INFOPLIST_FILE = PixabayApp/Info.plist;
				LD_RUNPATH_SEARCH_PATHS = (
					"$(inherited)",
					"@executable_path/Frameworks",
				);
				PRODUCT_BUNDLE_IDENTIFIER = APS.PixabayApp;
				PRODUCT_NAME = "$(TARGET_NAME)";
				SWIFT_VERSION = 5.0;
				TARGETED_DEVICE_FAMILY = "1,2";
			};
			name = Release;
		};
/* End XCBuildConfiguration section */

/* Begin XCConfigurationList section */
		AE69AF27248E782600225FAB /* Build configuration list for PBXProject "PixabayApp" */ = {
			isa = XCConfigurationList;
			buildConfigurations = (
				AE69AF3E248E782700225FAB /* Debug */,
				AE69AF3F248E782700225FAB /* Release */,
			);
			defaultConfigurationIsVisible = 0;
			defaultConfigurationName = Release;
		};
		AE69AF40248E782700225FAB /* Build configuration list for PBXNativeTarget "PixabayApp" */ = {
			isa = XCConfigurationList;
			buildConfigurations = (
				AE69AF41248E782700225FAB /* Debug */,
				AE69AF42248E782700225FAB /* Release */,
			);
			defaultConfigurationIsVisible = 0;
			defaultConfigurationName = Release;
		};
/* End XCConfigurationList section */
	};
	rootObject = AE69AF24248E782600225FAB /* Project object */;
}
